// !$*UTF8*$!
{
	archiveVersion = 1;
	classes = {
	};
	objectVersion = 55;
	objects = {

/* Begin PBXBuildFile section */
		0F5CC29127D5036E000D2CC8 /* AppDelegate.swift in Sources */ = {isa = PBXBuildFile; fileRef = 0F5CC29027D5036E000D2CC8 /* AppDelegate.swift */; };
		0F5CC29A27D5036F000D2CC8 /* Assets.xcassets in Resources */ = {isa = PBXBuildFile; fileRef = 0F5CC29927D5036F000D2CC8 /* Assets.xcassets */; };
		0F5CC29D27D5036F000D2CC8 /* LaunchScreen.storyboard in Resources */ = {isa = PBXBuildFile; fileRef = 0F5CC29B27D5036F000D2CC8 /* LaunchScreen.storyboard */; };
		0F5CC2A827D50370000D2CC8 /* MarketPlaceTests.swift in Sources */ = {isa = PBXBuildFile; fileRef = 0F5CC2A727D50370000D2CC8 /* MarketPlaceTests.swift */; };
		0F5CC2B227D50370000D2CC8 /* ProductsSearchVCTests.swift in Sources */ = {isa = PBXBuildFile; fileRef = 0F5CC2B127D50370000D2CC8 /* ProductsSearchVCTests.swift */; };
		0F5CC2B427D50370000D2CC8 /* MarketPlaceUITestsLaunchTests.swift in Sources */ = {isa = PBXBuildFile; fileRef = 0F5CC2B327D50370000D2CC8 /* MarketPlaceUITestsLaunchTests.swift */; };
		0F5CC2C827D50786000D2CC8 /* ProductsSearchVC.swift in Sources */ = {isa = PBXBuildFile; fileRef = 0F5CC2C727D50786000D2CC8 /* ProductsSearchVC.swift */; };
		0F5CC2CC27D51957000D2CC8 /* AppTheme.swift in Sources */ = {isa = PBXBuildFile; fileRef = 0F5CC2CB27D51957000D2CC8 /* AppTheme.swift */; };
		0F5CC2CF27D51989000D2CC8 /* ExUIColor.swift in Sources */ = {isa = PBXBuildFile; fileRef = 0F5CC2CE27D51989000D2CC8 /* ExUIColor.swift */; };
		0F5CC2D227D51A7E000D2CC8 /* Utils.swift in Sources */ = {isa = PBXBuildFile; fileRef = 0F5CC2D127D51A7E000D2CC8 /* Utils.swift */; };
		0F5CC2D427D51AE8000D2CC8 /* Constants.swift in Sources */ = {isa = PBXBuildFile; fileRef = 0F5CC2D327D51AE8000D2CC8 /* Constants.swift */; };
		0F5CC2D627D51B0C000D2CC8 /* Assets.swift in Sources */ = {isa = PBXBuildFile; fileRef = 0F5CC2D527D51B0C000D2CC8 /* Assets.swift */; };
		0F5CC2D927D51FC6000D2CC8 /* BaseTableVC.swift in Sources */ = {isa = PBXBuildFile; fileRef = 0F5CC2D827D51FC6000D2CC8 /* BaseTableVC.swift */; };
		0F5CC2DB27D52025000D2CC8 /* GCD.swift in Sources */ = {isa = PBXBuildFile; fileRef = 0F5CC2DA27D52025000D2CC8 /* GCD.swift */; };
		0F5CC2DE27D5452B000D2CC8 /* ProductsSearchPage.swift in Sources */ = {isa = PBXBuildFile; fileRef = 0F5CC2DD27D5452B000D2CC8 /* ProductsSearchPage.swift */; };
		0F5CC2E027D57447000D2CC8 /* Constants.swift in Sources */ = {isa = PBXBuildFile; fileRef = 0F5CC2D327D51AE8000D2CC8 /* Constants.swift */; };
		0FEB10D227D61A36006273A9 /* ExUITableView.swift in Sources */ = {isa = PBXBuildFile; fileRef = 0FEB10D127D61A35006273A9 /* ExUITableView.swift */; };
		0FEB10D527D61AD6006273A9 /* TVCell.swift in Sources */ = {isa = PBXBuildFile; fileRef = 0FEB10D427D61AD6006273A9 /* TVCell.swift */; };
		0FEB10D727D61B62006273A9 /* ProductTVCell.swift in Sources */ = {isa = PBXBuildFile; fileRef = 0FEB10D627D61B62006273A9 /* ProductTVCell.swift */; };
		0FEB10D927D61E68006273A9 /* Product.swift in Sources */ = {isa = PBXBuildFile; fileRef = 0FEB10D827D61E68006273A9 /* Product.swift */; };
/* End PBXBuildFile section */

/* Begin PBXContainerItemProxy section */
		0F5CC2A427D50370000D2CC8 /* PBXContainerItemProxy */ = {
			isa = PBXContainerItemProxy;
			containerPortal = 0F5CC28527D5036E000D2CC8 /* Project object */;
			proxyType = 1;
			remoteGlobalIDString = 0F5CC28C27D5036E000D2CC8;
			remoteInfo = MarketPlace;
		};
		0F5CC2AE27D50370000D2CC8 /* PBXContainerItemProxy */ = {
			isa = PBXContainerItemProxy;
			containerPortal = 0F5CC28527D5036E000D2CC8 /* Project object */;
			proxyType = 1;
			remoteGlobalIDString = 0F5CC28C27D5036E000D2CC8;
			remoteInfo = MarketPlace;
		};
/* End PBXContainerItemProxy section */

/* Begin PBXFileReference section */
		0F5CC28D27D5036E000D2CC8 /* MarketPlace.app */ = {isa = PBXFileReference; explicitFileType = wrapper.application; includeInIndex = 0; path = MarketPlace.app; sourceTree = BUILT_PRODUCTS_DIR; };
		0F5CC29027D5036E000D2CC8 /* AppDelegate.swift */ = {isa = PBXFileReference; lastKnownFileType = sourcecode.swift; path = AppDelegate.swift; sourceTree = "<group>"; };
		0F5CC29927D5036F000D2CC8 /* Assets.xcassets */ = {isa = PBXFileReference; lastKnownFileType = folder.assetcatalog; path = Assets.xcassets; sourceTree = "<group>"; };
		0F5CC29C27D5036F000D2CC8 /* Base */ = {isa = PBXFileReference; lastKnownFileType = file.storyboard; name = Base; path = Base.lproj/LaunchScreen.storyboard; sourceTree = "<group>"; };
		0F5CC29E27D5036F000D2CC8 /* Info.plist */ = {isa = PBXFileReference; lastKnownFileType = text.plist.xml; path = Info.plist; sourceTree = "<group>"; };
		0F5CC2A327D50370000D2CC8 /* MarketPlaceTests.xctest */ = {isa = PBXFileReference; explicitFileType = wrapper.cfbundle; includeInIndex = 0; path = MarketPlaceTests.xctest; sourceTree = BUILT_PRODUCTS_DIR; };
		0F5CC2A727D50370000D2CC8 /* MarketPlaceTests.swift */ = {isa = PBXFileReference; lastKnownFileType = sourcecode.swift; path = MarketPlaceTests.swift; sourceTree = "<group>"; };
		0F5CC2AD27D50370000D2CC8 /* MarketPlaceUITests.xctest */ = {isa = PBXFileReference; explicitFileType = wrapper.cfbundle; includeInIndex = 0; path = MarketPlaceUITests.xctest; sourceTree = BUILT_PRODUCTS_DIR; };
		0F5CC2B127D50370000D2CC8 /* ProductsSearchVCTests.swift */ = {isa = PBXFileReference; lastKnownFileType = sourcecode.swift; path = ProductsSearchVCTests.swift; sourceTree = "<group>"; };
		0F5CC2B327D50370000D2CC8 /* MarketPlaceUITestsLaunchTests.swift */ = {isa = PBXFileReference; lastKnownFileType = sourcecode.swift; path = MarketPlaceUITestsLaunchTests.swift; sourceTree = "<group>"; };
		0F5CC2C727D50786000D2CC8 /* ProductsSearchVC.swift */ = {isa = PBXFileReference; lastKnownFileType = sourcecode.swift; path = ProductsSearchVC.swift; sourceTree = "<group>"; };
		0F5CC2CB27D51957000D2CC8 /* AppTheme.swift */ = {isa = PBXFileReference; lastKnownFileType = sourcecode.swift; path = AppTheme.swift; sourceTree = "<group>"; };
		0F5CC2CE27D51989000D2CC8 /* ExUIColor.swift */ = {isa = PBXFileReference; lastKnownFileType = sourcecode.swift; path = ExUIColor.swift; sourceTree = "<group>"; };
		0F5CC2D127D51A7E000D2CC8 /* Utils.swift */ = {isa = PBXFileReference; lastKnownFileType = sourcecode.swift; path = Utils.swift; sourceTree = "<group>"; };
		0F5CC2D327D51AE8000D2CC8 /* Constants.swift */ = {isa = PBXFileReference; lastKnownFileType = sourcecode.swift; path = Constants.swift; sourceTree = "<group>"; };
		0F5CC2D527D51B0C000D2CC8 /* Assets.swift */ = {isa = PBXFileReference; lastKnownFileType = sourcecode.swift; path = Assets.swift; sourceTree = "<group>"; };
		0F5CC2D827D51FC6000D2CC8 /* BaseTableVC.swift */ = {isa = PBXFileReference; lastKnownFileType = sourcecode.swift; path = BaseTableVC.swift; sourceTree = "<group>"; };
		0F5CC2DA27D52025000D2CC8 /* GCD.swift */ = {isa = PBXFileReference; lastKnownFileType = sourcecode.swift; path = GCD.swift; sourceTree = "<group>"; };
		0F5CC2DD27D5452B000D2CC8 /* ProductsSearchPage.swift */ = {isa = PBXFileReference; lastKnownFileType = sourcecode.swift; path = ProductsSearchPage.swift; sourceTree = "<group>"; };
		0FEB10D127D61A35006273A9 /* ExUITableView.swift */ = {isa = PBXFileReference; lastKnownFileType = sourcecode.swift; path = ExUITableView.swift; sourceTree = "<group>"; };
		0FEB10D427D61AD6006273A9 /* TVCell.swift */ = {isa = PBXFileReference; lastKnownFileType = sourcecode.swift; path = TVCell.swift; sourceTree = "<group>"; };
		0FEB10D627D61B62006273A9 /* ProductTVCell.swift */ = {isa = PBXFileReference; lastKnownFileType = sourcecode.swift; path = ProductTVCell.swift; sourceTree = "<group>"; };
		0FEB10D827D61E68006273A9 /* Product.swift */ = {isa = PBXFileReference; lastKnownFileType = sourcecode.swift; path = Product.swift; sourceTree = "<group>"; };
/* End PBXFileReference section */

/* Begin PBXFrameworksBuildPhase section */
		0F5CC28A27D5036E000D2CC8 /* Frameworks */ = {
			isa = PBXFrameworksBuildPhase;
			buildActionMask = 2147483647;
			files = (
			);
			runOnlyForDeploymentPostprocessing = 0;
		};
		0F5CC2A027D50370000D2CC8 /* Frameworks */ = {
			isa = PBXFrameworksBuildPhase;
			buildActionMask = 2147483647;
			files = (
			);
			runOnlyForDeploymentPostprocessing = 0;
		};
		0F5CC2AA27D50370000D2CC8 /* Frameworks */ = {
			isa = PBXFrameworksBuildPhase;
			buildActionMask = 2147483647;
			files = (
			);
			runOnlyForDeploymentPostprocessing = 0;
		};
/* End PBXFrameworksBuildPhase section */

/* Begin PBXGroup section */
		0F5CC28427D5036E000D2CC8 = {
			isa = PBXGroup;
			children = (
				0F5CC28F27D5036E000D2CC8 /* MarketPlace */,
				0F5CC2A627D50370000D2CC8 /* MarketPlaceTests */,
				0F5CC2B027D50370000D2CC8 /* MarketPlaceUITests */,
				0F5CC28E27D5036E000D2CC8 /* Products */,
			);
			sourceTree = "<group>";
		};
		0F5CC28E27D5036E000D2CC8 /* Products */ = {
			isa = PBXGroup;
			children = (
				0F5CC28D27D5036E000D2CC8 /* MarketPlace.app */,
				0F5CC2A327D50370000D2CC8 /* MarketPlaceTests.xctest */,
				0F5CC2AD27D50370000D2CC8 /* MarketPlaceUITests.xctest */,
			);
			name = Products;
			sourceTree = "<group>";
		};
		0F5CC28F27D5036E000D2CC8 /* MarketPlace */ = {
			isa = PBXGroup;
			children = (
				0F5CC2C127D503EB000D2CC8 /* App */,
				0F5CC2D027D51A3D000D2CC8 /* Utils */,
				0F5CC2CD27D51975000D2CC8 /* Extensions */,
				0F5CC2C427D50488000D2CC8 /* View */,
				0F5CC2C527D50490000D2CC8 /* ViewModel */,
				0F5CC2C627D50499000D2CC8 /* Model */,
				0F5CC2C327D50447000D2CC8 /* UISupportFiles */,
			);
			path = MarketPlace;
			sourceTree = "<group>";
		};
		0F5CC2A627D50370000D2CC8 /* MarketPlaceTests */ = {
			isa = PBXGroup;
			children = (
				0F5CC2A727D50370000D2CC8 /* MarketPlaceTests.swift */,
			);
			path = MarketPlaceTests;
			sourceTree = "<group>";
		};
		0F5CC2B027D50370000D2CC8 /* MarketPlaceUITests */ = {
			isa = PBXGroup;
			children = (
				0F5CC2DC27D544E5000D2CC8 /* PageObjects */,
				0F5CC2B127D50370000D2CC8 /* ProductsSearchVCTests.swift */,
				0F5CC2B327D50370000D2CC8 /* MarketPlaceUITestsLaunchTests.swift */,
			);
			path = MarketPlaceUITests;
			sourceTree = "<group>";
		};
		0F5CC2C027D503DE000D2CC8 /* AppDelegate */ = {
			isa = PBXGroup;
			children = (
				0F5CC29027D5036E000D2CC8 /* AppDelegate.swift */,
			);
			path = AppDelegate;
			sourceTree = "<group>";
		};
		0F5CC2C127D503EB000D2CC8 /* App */ = {
			isa = PBXGroup;
			children = (
				0F5CC2C027D503DE000D2CC8 /* AppDelegate */,
				0F5CC2C227D503F5000D2CC8 /* Configurations */,
			);
			path = App;
			sourceTree = "<group>";
		};
		0F5CC2C227D503F5000D2CC8 /* Configurations */ = {
			isa = PBXGroup;
			children = (
				0F5CC29E27D5036F000D2CC8 /* Info.plist */,
			);
			path = Configurations;
			sourceTree = "<group>";
		};
		0F5CC2C327D50447000D2CC8 /* UISupportFiles */ = {
			isa = PBXGroup;
			children = (
				0F5CC29927D5036F000D2CC8 /* Assets.xcassets */,
				0F5CC29B27D5036F000D2CC8 /* LaunchScreen.storyboard */,
			);
			path = UISupportFiles;
			sourceTree = "<group>";
		};
		0F5CC2C427D50488000D2CC8 /* View */ = {
			isa = PBXGroup;
			children = (
				0FEB10D327D61AAA006273A9 /* TVCells */,
				0F5CC2C927D51915000D2CC8 /* ViewControllers */,
			);
			path = View;
			sourceTree = "<group>";
		};
		0F5CC2C527D50490000D2CC8 /* ViewModel */ = {
			isa = PBXGroup;
			children = (
			);
			path = ViewModel;
			sourceTree = "<group>";
		};
		0F5CC2C627D50499000D2CC8 /* Model */ = {
			isa = PBXGroup;
			children = (
				0FEB10D827D61E68006273A9 /* Product.swift */,
			);
			path = Model;
			sourceTree = "<group>";
		};
		0F5CC2C927D51915000D2CC8 /* ViewControllers */ = {
			isa = PBXGroup;
			children = (
				0F5CC2D727D51F77000D2CC8 /* Protocols */,
				0F5CC2CA27D51925000D2CC8 /* Base */,
				0F5CC2C727D50786000D2CC8 /* ProductsSearchVC.swift */,
			);
			path = ViewControllers;
			sourceTree = "<group>";
		};
		0F5CC2CA27D51925000D2CC8 /* Base */ = {
			isa = PBXGroup;
			children = (
				0F5CC2D827D51FC6000D2CC8 /* BaseTableVC.swift */,
			);
			path = Base;
			sourceTree = "<group>";
		};
		0F5CC2CD27D51975000D2CC8 /* Extensions */ = {
			isa = PBXGroup;
			children = (
				0F5CC2CE27D51989000D2CC8 /* ExUIColor.swift */,
				0FEB10D127D61A35006273A9 /* ExUITableView.swift */,
			);
			path = Extensions;
			sourceTree = "<group>";
		};
		0F5CC2D027D51A3D000D2CC8 /* Utils */ = {
			isa = PBXGroup;
			children = (
				0F5CC2D127D51A7E000D2CC8 /* Utils.swift */,
				0F5CC2D327D51AE8000D2CC8 /* Constants.swift */,
				0F5CC2D527D51B0C000D2CC8 /* Assets.swift */,
				0F5CC2DA27D52025000D2CC8 /* GCD.swift */,
			);
			path = Utils;
			sourceTree = "<group>";
		};
		0F5CC2D727D51F77000D2CC8 /* Protocols */ = {
			isa = PBXGroup;
			children = (
				0F5CC2CB27D51957000D2CC8 /* AppTheme.swift */,
			);
			path = Protocols;
			sourceTree = "<group>";
		};
		0F5CC2DC27D544E5000D2CC8 /* PageObjects */ = {
			isa = PBXGroup;
			children = (
				0F5CC2DD27D5452B000D2CC8 /* ProductsSearchPage.swift */,
			);
			path = PageObjects;
			sourceTree = "<group>";
		};
		0FEB10D327D61AAA006273A9 /* TVCells */ = {
			isa = PBXGroup;
			children = (
				0FEB10D427D61AD6006273A9 /* TVCell.swift */,
				0FEB10D627D61B62006273A9 /* ProductTVCell.swift */,
			);
			path = TVCells;
			sourceTree = "<group>";
		};
/* End PBXGroup section */

/* Begin PBXNativeTarget section */
		0F5CC28C27D5036E000D2CC8 /* MarketPlace */ = {
			isa = PBXNativeTarget;
			buildConfigurationList = 0F5CC2B727D50370000D2CC8 /* Build configuration list for PBXNativeTarget "MarketPlace" */;
			buildPhases = (
				0F5CC28927D5036E000D2CC8 /* Sources */,
				0F5CC28A27D5036E000D2CC8 /* Frameworks */,
				0F5CC28B27D5036E000D2CC8 /* Resources */,
			);
			buildRules = (
			);
			dependencies = (
			);
			name = MarketPlace;
			productName = MarketPlace;
			productReference = 0F5CC28D27D5036E000D2CC8 /* MarketPlace.app */;
			productType = "com.apple.product-type.application";
		};
		0F5CC2A227D50370000D2CC8 /* MarketPlaceTests */ = {
			isa = PBXNativeTarget;
			buildConfigurationList = 0F5CC2BA27D50370000D2CC8 /* Build configuration list for PBXNativeTarget "MarketPlaceTests" */;
			buildPhases = (
				0F5CC29F27D50370000D2CC8 /* Sources */,
				0F5CC2A027D50370000D2CC8 /* Frameworks */,
				0F5CC2A127D50370000D2CC8 /* Resources */,
			);
			buildRules = (
			);
			dependencies = (
				0F5CC2A527D50370000D2CC8 /* PBXTargetDependency */,
			);
			name = MarketPlaceTests;
			productName = MarketPlaceTests;
			productReference = 0F5CC2A327D50370000D2CC8 /* MarketPlaceTests.xctest */;
			productType = "com.apple.product-type.bundle.unit-test";
		};
		0F5CC2AC27D50370000D2CC8 /* MarketPlaceUITests */ = {
			isa = PBXNativeTarget;
			buildConfigurationList = 0F5CC2BD27D50370000D2CC8 /* Build configuration list for PBXNativeTarget "MarketPlaceUITests" */;
			buildPhases = (
				0F5CC2A927D50370000D2CC8 /* Sources */,
				0F5CC2AA27D50370000D2CC8 /* Frameworks */,
				0F5CC2AB27D50370000D2CC8 /* Resources */,
			);
			buildRules = (
			);
			dependencies = (
				0F5CC2AF27D50370000D2CC8 /* PBXTargetDependency */,
			);
			name = MarketPlaceUITests;
			productName = MarketPlaceUITests;
			productReference = 0F5CC2AD27D50370000D2CC8 /* MarketPlaceUITests.xctest */;
			productType = "com.apple.product-type.bundle.ui-testing";
		};
/* End PBXNativeTarget section */

/* Begin PBXProject section */
		0F5CC28527D5036E000D2CC8 /* Project object */ = {
			isa = PBXProject;
			attributes = {
				BuildIndependentTargetsInParallel = 1;
				LastSwiftUpdateCheck = 1320;
				LastUpgradeCheck = 1320;
				TargetAttributes = {
					0F5CC28C27D5036E000D2CC8 = {
						CreatedOnToolsVersion = 13.2.1;
					};
					0F5CC2A227D50370000D2CC8 = {
						CreatedOnToolsVersion = 13.2.1;
						TestTargetID = 0F5CC28C27D5036E000D2CC8;
					};
					0F5CC2AC27D50370000D2CC8 = {
						CreatedOnToolsVersion = 13.2.1;
						TestTargetID = 0F5CC28C27D5036E000D2CC8;
					};
				};
			};
			buildConfigurationList = 0F5CC28827D5036E000D2CC8 /* Build configuration list for PBXProject "MarketPlace" */;
			compatibilityVersion = "Xcode 13.0";
			developmentRegion = en;
			hasScannedForEncodings = 0;
			knownRegions = (
				en,
				Base,
			);
			mainGroup = 0F5CC28427D5036E000D2CC8;
			productRefGroup = 0F5CC28E27D5036E000D2CC8 /* Products */;
			projectDirPath = "";
			projectRoot = "";
			targets = (
				0F5CC28C27D5036E000D2CC8 /* MarketPlace */,
				0F5CC2A227D50370000D2CC8 /* MarketPlaceTests */,
				0F5CC2AC27D50370000D2CC8 /* MarketPlaceUITests */,
			);
		};
/* End PBXProject section */

/* Begin PBXResourcesBuildPhase section */
		0F5CC28B27D5036E000D2CC8 /* Resources */ = {
			isa = PBXResourcesBuildPhase;
			buildActionMask = 2147483647;
			files = (
				0F5CC29D27D5036F000D2CC8 /* LaunchScreen.storyboard in Resources */,
				0F5CC29A27D5036F000D2CC8 /* Assets.xcassets in Resources */,
			);
			runOnlyForDeploymentPostprocessing = 0;
		};
		0F5CC2A127D50370000D2CC8 /* Resources */ = {
			isa = PBXResourcesBuildPhase;
			buildActionMask = 2147483647;
			files = (
			);
			runOnlyForDeploymentPostprocessing = 0;
		};
		0F5CC2AB27D50370000D2CC8 /* Resources */ = {
			isa = PBXResourcesBuildPhase;
			buildActionMask = 2147483647;
			files = (
			);
			runOnlyForDeploymentPostprocessing = 0;
		};
/* End PBXResourcesBuildPhase section */

/* Begin PBXSourcesBuildPhase section */
		0F5CC28927D5036E000D2CC8 /* Sources */ = {
			isa = PBXSourcesBuildPhase;
			buildActionMask = 2147483647;
			files = (
				0F5CC2D927D51FC6000D2CC8 /* BaseTableVC.swift in Sources */,
				0F5CC2D227D51A7E000D2CC8 /* Utils.swift in Sources */,
				0F5CC2D627D51B0C000D2CC8 /* Assets.swift in Sources */,
				0F5CC2CF27D51989000D2CC8 /* ExUIColor.swift in Sources */,
				0FEB10D527D61AD6006273A9 /* TVCell.swift in Sources */,
				0FEB10D727D61B62006273A9 /* ProductTVCell.swift in Sources */,
				0F5CC2CC27D51957000D2CC8 /* AppTheme.swift in Sources */,
				0F5CC2C827D50786000D2CC8 /* ProductsSearchVC.swift in Sources */,
				0F5CC2DB27D52025000D2CC8 /* GCD.swift in Sources */,
				0F5CC2D427D51AE8000D2CC8 /* Constants.swift in Sources */,
				0FEB10D227D61A36006273A9 /* ExUITableView.swift in Sources */,
				0F5CC29127D5036E000D2CC8 /* AppDelegate.swift in Sources */,
				0FEB10D927D61E68006273A9 /* Product.swift in Sources */,
			);
			runOnlyForDeploymentPostprocessing = 0;
		};
		0F5CC29F27D50370000D2CC8 /* Sources */ = {
			isa = PBXSourcesBuildPhase;
			buildActionMask = 2147483647;
			files = (
				0F5CC2A827D50370000D2CC8 /* MarketPlaceTests.swift in Sources */,
			);
			runOnlyForDeploymentPostprocessing = 0;
		};
		0F5CC2A927D50370000D2CC8 /* Sources */ = {
			isa = PBXSourcesBuildPhase;
			buildActionMask = 2147483647;
			files = (
				0F5CC2B427D50370000D2CC8 /* MarketPlaceUITestsLaunchTests.swift in Sources */,
				0F5CC2B227D50370000D2CC8 /* ProductsSearchVCTests.swift in Sources */,
				0F5CC2DE27D5452B000D2CC8 /* ProductsSearchPage.swift in Sources */,
				0F5CC2E027D57447000D2CC8 /* Constants.swift in Sources */,
			);
			runOnlyForDeploymentPostprocessing = 0;
		};
/* End PBXSourcesBuildPhase section */

/* Begin PBXTargetDependency section */
		0F5CC2A527D50370000D2CC8 /* PBXTargetDependency */ = {
			isa = PBXTargetDependency;
			target = 0F5CC28C27D5036E000D2CC8 /* MarketPlace */;
			targetProxy = 0F5CC2A427D50370000D2CC8 /* PBXContainerItemProxy */;
		};
		0F5CC2AF27D50370000D2CC8 /* PBXTargetDependency */ = {
			isa = PBXTargetDependency;
			target = 0F5CC28C27D5036E000D2CC8 /* MarketPlace */;
			targetProxy = 0F5CC2AE27D50370000D2CC8 /* PBXContainerItemProxy */;
		};
/* End PBXTargetDependency section */

/* Begin PBXVariantGroup section */
		0F5CC29B27D5036F000D2CC8 /* LaunchScreen.storyboard */ = {
			isa = PBXVariantGroup;
			children = (
				0F5CC29C27D5036F000D2CC8 /* Base */,
			);
			name = LaunchScreen.storyboard;
			sourceTree = "<group>";
		};
/* End PBXVariantGroup section */

/* Begin XCBuildConfiguration section */
		0F5CC2B527D50370000D2CC8 /* Debug */ = {
			isa = XCBuildConfiguration;
			buildSettings = {
				ALWAYS_SEARCH_USER_PATHS = NO;
				CLANG_ANALYZER_NONNULL = YES;
				CLANG_ANALYZER_NUMBER_OBJECT_CONVERSION = YES_AGGRESSIVE;
				CLANG_CXX_LANGUAGE_STANDARD = "gnu++17";
				CLANG_CXX_LIBRARY = "libc++";
				CLANG_ENABLE_MODULES = YES;
				CLANG_ENABLE_OBJC_ARC = YES;
				CLANG_ENABLE_OBJC_WEAK = YES;
				CLANG_WARN_BLOCK_CAPTURE_AUTORELEASING = YES;
				CLANG_WARN_BOOL_CONVERSION = YES;
				CLANG_WARN_COMMA = YES;
				CLANG_WARN_CONSTANT_CONVERSION = YES;
				CLANG_WARN_DEPRECATED_OBJC_IMPLEMENTATIONS = YES;
				CLANG_WARN_DIRECT_OBJC_ISA_USAGE = YES_ERROR;
				CLANG_WARN_DOCUMENTATION_COMMENTS = YES;
				CLANG_WARN_EMPTY_BODY = YES;
				CLANG_WARN_ENUM_CONVERSION = YES;
				CLANG_WARN_INFINITE_RECURSION = YES;
				CLANG_WARN_INT_CONVERSION = YES;
				CLANG_WARN_NON_LITERAL_NULL_CONVERSION = YES;
				CLANG_WARN_OBJC_IMPLICIT_RETAIN_SELF = YES;
				CLANG_WARN_OBJC_LITERAL_CONVERSION = YES;
				CLANG_WARN_OBJC_ROOT_CLASS = YES_ERROR;
				CLANG_WARN_QUOTED_INCLUDE_IN_FRAMEWORK_HEADER = YES;
				CLANG_WARN_RANGE_LOOP_ANALYSIS = YES;
				CLANG_WARN_STRICT_PROTOTYPES = YES;
				CLANG_WARN_SUSPICIOUS_MOVE = YES;
				CLANG_WARN_UNGUARDED_AVAILABILITY = YES_AGGRESSIVE;
				CLANG_WARN_UNREACHABLE_CODE = YES;
				CLANG_WARN__DUPLICATE_METHOD_MATCH = YES;
				COPY_PHASE_STRIP = NO;
				DEBUG_INFORMATION_FORMAT = dwarf;
				ENABLE_STRICT_OBJC_MSGSEND = YES;
				ENABLE_TESTABILITY = YES;
				GCC_C_LANGUAGE_STANDARD = gnu11;
				GCC_DYNAMIC_NO_PIC = NO;
				GCC_NO_COMMON_BLOCKS = YES;
				GCC_OPTIMIZATION_LEVEL = 0;
				GCC_PREPROCESSOR_DEFINITIONS = (
					"DEBUG=1",
					"$(inherited)",
				);
				GCC_WARN_64_TO_32_BIT_CONVERSION = YES;
				GCC_WARN_ABOUT_RETURN_TYPE = YES_ERROR;
				GCC_WARN_UNDECLARED_SELECTOR = YES;
				GCC_WARN_UNINITIALIZED_AUTOS = YES_AGGRESSIVE;
				GCC_WARN_UNUSED_FUNCTION = YES;
				GCC_WARN_UNUSED_VARIABLE = YES;
				IPHONEOS_DEPLOYMENT_TARGET = 15.2;
				MTL_ENABLE_DEBUG_INFO = INCLUDE_SOURCE;
				MTL_FAST_MATH = YES;
				ONLY_ACTIVE_ARCH = YES;
				SDKROOT = iphoneos;
				SWIFT_ACTIVE_COMPILATION_CONDITIONS = DEBUG;
				SWIFT_OPTIMIZATION_LEVEL = "-Onone";
			};
			name = Debug;
		};
		0F5CC2B627D50370000D2CC8 /* Release */ = {
			isa = XCBuildConfiguration;
			buildSettings = {
				ALWAYS_SEARCH_USER_PATHS = NO;
				CLANG_ANALYZER_NONNULL = YES;
				CLANG_ANALYZER_NUMBER_OBJECT_CONVERSION = YES_AGGRESSIVE;
				CLANG_CXX_LANGUAGE_STANDARD = "gnu++17";
				CLANG_CXX_LIBRARY = "libc++";
				CLANG_ENABLE_MODULES = YES;
				CLANG_ENABLE_OBJC_ARC = YES;
				CLANG_ENABLE_OBJC_WEAK = YES;
				CLANG_WARN_BLOCK_CAPTURE_AUTORELEASING = YES;
				CLANG_WARN_BOOL_CONVERSION = YES;
				CLANG_WARN_COMMA = YES;
				CLANG_WARN_CONSTANT_CONVERSION = YES;
				CLANG_WARN_DEPRECATED_OBJC_IMPLEMENTATIONS = YES;
				CLANG_WARN_DIRECT_OBJC_ISA_USAGE = YES_ERROR;
				CLANG_WARN_DOCUMENTATION_COMMENTS = YES;
				CLANG_WARN_EMPTY_BODY = YES;
				CLANG_WARN_ENUM_CONVERSION = YES;
				CLANG_WARN_INFINITE_RECURSION = YES;
				CLANG_WARN_INT_CONVERSION = YES;
				CLANG_WARN_NON_LITERAL_NULL_CONVERSION = YES;
				CLANG_WARN_OBJC_IMPLICIT_RETAIN_SELF = YES;
				CLANG_WARN_OBJC_LITERAL_CONVERSION = YES;
				CLANG_WARN_OBJC_ROOT_CLASS = YES_ERROR;
				CLANG_WARN_QUOTED_INCLUDE_IN_FRAMEWORK_HEADER = YES;
				CLANG_WARN_RANGE_LOOP_ANALYSIS = YES;
				CLANG_WARN_STRICT_PROTOTYPES = YES;
				CLANG_WARN_SUSPICIOUS_MOVE = YES;
				CLANG_WARN_UNGUARDED_AVAILABILITY = YES_AGGRESSIVE;
				CLANG_WARN_UNREACHABLE_CODE = YES;
				CLANG_WARN__DUPLICATE_METHOD_MATCH = YES;
				COPY_PHASE_STRIP = NO;
				DEBUG_INFORMATION_FORMAT = "dwarf-with-dsym";
				ENABLE_NS_ASSERTIONS = NO;
				ENABLE_STRICT_OBJC_MSGSEND = YES;
				GCC_C_LANGUAGE_STANDARD = gnu11;
				GCC_NO_COMMON_BLOCKS = YES;
				GCC_WARN_64_TO_32_BIT_CONVERSION = YES;
				GCC_WARN_ABOUT_RETURN_TYPE = YES_ERROR;
				GCC_WARN_UNDECLARED_SELECTOR = YES;
				GCC_WARN_UNINITIALIZED_AUTOS = YES_AGGRESSIVE;
				GCC_WARN_UNUSED_FUNCTION = YES;
				GCC_WARN_UNUSED_VARIABLE = YES;
				IPHONEOS_DEPLOYMENT_TARGET = 15.2;
				MTL_ENABLE_DEBUG_INFO = NO;
				MTL_FAST_MATH = YES;
				SDKROOT = iphoneos;
				SWIFT_COMPILATION_MODE = wholemodule;
				SWIFT_OPTIMIZATION_LEVEL = "-O";
				VALIDATE_PRODUCT = YES;
			};
			name = Release;
		};
		0F5CC2B827D50370000D2CC8 /* Debug */ = {
			isa = XCBuildConfiguration;
			buildSettings = {
				ASSETCATALOG_COMPILER_APPICON_NAME = AppIcon;
				ASSETCATALOG_COMPILER_GLOBAL_ACCENT_COLOR_NAME = AccentColor;
				CODE_SIGN_STYLE = Automatic;
				CURRENT_PROJECT_VERSION = 1;
				DEVELOPMENT_TEAM = PJ2M579DS3;
				GENERATE_INFOPLIST_FILE = YES;
				INFOPLIST_FILE = MarketPlace/App/Configurations/Info.plist;
				INFOPLIST_KEY_UIApplicationSupportsIndirectInputEvents = YES;
				INFOPLIST_KEY_UILaunchStoryboardName = LaunchScreen;
				INFOPLIST_KEY_UISupportedInterfaceOrientations = UIInterfaceOrientationPortrait;
				INFOPLIST_KEY_UISupportedInterfaceOrientations_iPad = "UIInterfaceOrientationPortrait UIInterfaceOrientationPortraitUpsideDown UIInterfaceOrientationLandscapeLeft UIInterfaceOrientationLandscapeRight";
				INFOPLIST_KEY_UISupportedInterfaceOrientations_iPhone = "UIInterfaceOrientationPortrait UIInterfaceOrientationLandscapeLeft UIInterfaceOrientationLandscapeRight";
				IPHONEOS_DEPLOYMENT_TARGET = 15.0;
				LD_RUNPATH_SEARCH_PATHS = (
					"$(inherited)",
					"@executable_path/Frameworks",
				);
				MARKETING_VERSION = 1.0;
				PRODUCT_BUNDLE_IDENTIFIER = com.mohamd.elaabd.MarketPlace;
				PRODUCT_NAME = "$(TARGET_NAME)";
				SWIFT_EMIT_LOC_STRINGS = YES;
				SWIFT_VERSION = 5.0;
				TARGETED_DEVICE_FAMILY = 1;
			};
			name = Debug;
		};
		0F5CC2B927D50370000D2CC8 /* Release */ = {
			isa = XCBuildConfiguration;
			buildSettings = {
				ASSETCATALOG_COMPILER_APPICON_NAME = AppIcon;
				ASSETCATALOG_COMPILER_GLOBAL_ACCENT_COLOR_NAME = AccentColor;
				CODE_SIGN_STYLE = Automatic;
				CURRENT_PROJECT_VERSION = 1;
				DEVELOPMENT_TEAM = PJ2M579DS3;
				GENERATE_INFOPLIST_FILE = YES;
				INFOPLIST_FILE = MarketPlace/App/Configurations/Info.plist;
				INFOPLIST_KEY_UIApplicationSupportsIndirectInputEvents = YES;
				INFOPLIST_KEY_UILaunchStoryboardName = LaunchScreen;
				INFOPLIST_KEY_UISupportedInterfaceOrientations = UIInterfaceOrientationPortrait;
				INFOPLIST_KEY_UISupportedInterfaceOrientations_iPad = "UIInterfaceOrientationPortrait UIInterfaceOrientationPortraitUpsideDown UIInterfaceOrientationLandscapeLeft UIInterfaceOrientationLandscapeRight";
				INFOPLIST_KEY_UISupportedInterfaceOrientations_iPhone = "UIInterfaceOrientationPortrait UIInterfaceOrientationLandscapeLeft UIInterfaceOrientationLandscapeRight";
				IPHONEOS_DEPLOYMENT_TARGET = 15.0;
				LD_RUNPATH_SEARCH_PATHS = (
					"$(inherited)",
					"@executable_path/Frameworks",
				);
				MARKETING_VERSION = 1.0;
				PRODUCT_BUNDLE_IDENTIFIER = com.mohamd.elaabd.MarketPlace;
				PRODUCT_NAME = "$(TARGET_NAME)";
				SWIFT_EMIT_LOC_STRINGS = YES;
				SWIFT_VERSION = 5.0;
				TARGETED_DEVICE_FAMILY = 1;
			};
			name = Release;
		};
		0F5CC2BB27D50370000D2CC8 /* Debug */ = {
			isa = XCBuildConfiguration;
			buildSettings = {
				ALWAYS_EMBED_SWIFT_STANDARD_LIBRARIES = YES;
				BUNDLE_LOADER = "$(TEST_HOST)";
				CODE_SIGN_STYLE = Automatic;
				CURRENT_PROJECT_VERSION = 1;
				DEVELOPMENT_TEAM = PJ2M579DS3;
				GENERATE_INFOPLIST_FILE = YES;
				IPHONEOS_DEPLOYMENT_TARGET = 15.2;
				MARKETING_VERSION = 1.0;
				PRODUCT_BUNDLE_IDENTIFIER = com.mohamd.elaabd.MarketPlaceTests;
				PRODUCT_NAME = "$(TARGET_NAME)";
				SWIFT_EMIT_LOC_STRINGS = NO;
				SWIFT_VERSION = 5.0;
				TARGETED_DEVICE_FAMILY = "1,2";
				TEST_HOST = "$(BUILT_PRODUCTS_DIR)/MarketPlace.app/MarketPlace";
			};
			name = Debug;
		};
		0F5CC2BC27D50370000D2CC8 /* Release */ = {
			isa = XCBuildConfiguration;
			buildSettings = {
				ALWAYS_EMBED_SWIFT_STANDARD_LIBRARIES = YES;
				BUNDLE_LOADER = "$(TEST_HOST)";
				CODE_SIGN_STYLE = Automatic;
				CURRENT_PROJECT_VERSION = 1;
				DEVELOPMENT_TEAM = PJ2M579DS3;
				GENERATE_INFOPLIST_FILE = YES;
				IPHONEOS_DEPLOYMENT_TARGET = 15.2;
				MARKETING_VERSION = 1.0;
				PRODUCT_BUNDLE_IDENTIFIER = com.mohamd.elaabd.MarketPlaceTests;
				PRODUCT_NAME = "$(TARGET_NAME)";
				SWIFT_EMIT_LOC_STRINGS = NO;
				SWIFT_VERSION = 5.0;
				TARGETED_DEVICE_FAMILY = "1,2";
				TEST_HOST = "$(BUILT_PRODUCTS_DIR)/MarketPlace.app/MarketPlace";
			};
			name = Release;
		};
		0F5CC2BE27D50370000D2CC8 /* Debug */ = {
			isa = XCBuildConfiguration;
			buildSettings = {
				ALWAYS_EMBED_SWIFT_STANDARD_LIBRARIES = YES;
				CODE_SIGN_STYLE = Automatic;
				CURRENT_PROJECT_VERSION = 1;
				DEVELOPMENT_TEAM = PJ2M579DS3;
				GENERATE_INFOPLIST_FILE = YES;
				MARKETING_VERSION = 1.0;
				PRODUCT_BUNDLE_IDENTIFIER = com.mohamd.elaabd.MarketPlaceUITests;
				PRODUCT_NAME = "$(TARGET_NAME)";
				SWIFT_EMIT_LOC_STRINGS = NO;
				SWIFT_VERSION = 5.0;
				TARGETED_DEVICE_FAMILY = "1,2";
				TEST_TARGET_NAME = MarketPlace;
			};
			name = Debug;
		};
		0F5CC2BF27D50370000D2CC8 /* Release */ = {
			isa = XCBuildConfiguration;
			buildSettings = {
				ALWAYS_EMBED_SWIFT_STANDARD_LIBRARIES = YES;
				CODE_SIGN_STYLE = Automatic;
				CURRENT_PROJECT_VERSION = 1;
				DEVELOPMENT_TEAM = PJ2M579DS3;
				GENERATE_INFOPLIST_FILE = YES;
				MARKETING_VERSION = 1.0;
				PRODUCT_BUNDLE_IDENTIFIER = com.mohamd.elaabd.MarketPlaceUITests;
				PRODUCT_NAME = "$(TARGET_NAME)";
				SWIFT_EMIT_LOC_STRINGS = NO;
				SWIFT_VERSION = 5.0;
				TARGETED_DEVICE_FAMILY = "1,2";
				TEST_TARGET_NAME = MarketPlace;
			};
			name = Release;
		};
/* End XCBuildConfiguration section */

/* Begin XCConfigurationList section */
		0F5CC28827D5036E000D2CC8 /* Build configuration list for PBXProject "MarketPlace" */ = {
			isa = XCConfigurationList;
			buildConfigurations = (
				0F5CC2B527D50370000D2CC8 /* Debug */,
				0F5CC2B627D50370000D2CC8 /* Release */,
			);
			defaultConfigurationIsVisible = 0;
			defaultConfigurationName = Release;
		};
		0F5CC2B727D50370000D2CC8 /* Build configuration list for PBXNativeTarget "MarketPlace" */ = {
			isa = XCConfigurationList;
			buildConfigurations = (
				0F5CC2B827D50370000D2CC8 /* Debug */,
				0F5CC2B927D50370000D2CC8 /* Release */,
			);
			defaultConfigurationIsVisible = 0;
			defaultConfigurationName = Release;
		};
		0F5CC2BA27D50370000D2CC8 /* Build configuration list for PBXNativeTarget "MarketPlaceTests" */ = {
			isa = XCConfigurationList;
			buildConfigurations = (
				0F5CC2BB27D50370000D2CC8 /* Debug */,
				0F5CC2BC27D50370000D2CC8 /* Release */,
			);
			defaultConfigurationIsVisible = 0;
			defaultConfigurationName = Release;
		};
		0F5CC2BD27D50370000D2CC8 /* Build configuration list for PBXNativeTarget "MarketPlaceUITests" */ = {
			isa = XCConfigurationList;
			buildConfigurations = (
				0F5CC2BE27D50370000D2CC8 /* Debug */,
				0F5CC2BF27D50370000D2CC8 /* Release */,
			);
			defaultConfigurationIsVisible = 0;
			defaultConfigurationName = Release;
		};
/* End XCConfigurationList section */
	};
	rootObject = 0F5CC28527D5036E000D2CC8 /* Project object */;
}
